
Microsoft Visual Studio Solution File, Format Version 12.00
# Visual Studio Version 16
VisualStudioVersion = 16.0.32413.511
MinimumVisualStudioVersion = 10.0.40219.1
Project("{FAE04EC0-301F-11D3-BF4B-00C04F79EFBC}") = "K-diff Pairs in an Array", "K-diff Pairs in an Array\K-diff Pairs in an Array.csproj", "{DCDB3325-44B6-4111-87CF-19C24EBE7320}"
EndProject
Global
	GlobalSection(SolutionConfigurationPlatforms) = preSolution
		Debug|Any CPU = Debug|Any CPU
		Release|Any CPU = Release|Any CPU
	EndGlobalSection
	GlobalSection(ProjectConfigurationPlatforms) = postSolution
		{DCDB3325-44B6-4111-87CF-19C24EBE7320}.Debug|Any CPU.ActiveCfg = Debug|Any CPU
		{DCDB3325-44B6-4111-87CF-19C24EBE7320}.Debug|Any CPU.Build.0 = Debug|Any CPU
		{DCDB3325-44B6-4111-87CF-19C24EBE7320}.Release|Any CPU.ActiveCfg = Release|Any CPU
		{DCDB3325-44B6-4111-87CF-19C24EBE7320}.Release|Any CPU.Build.0 = Release|Any CPU
	EndGlobalSection
	GlobalSection(SolutionProperties) = preSolution
		HideSolutionNode = FALSE
	EndGlobalSection
	GlobalSection(ExtensibilityGlobals) = postSolution
		SolutionGuid = {B4011E78-6B14-4092-86AA-3DB7F561580C}
	EndGlobalSection
EndGlobal
